
Microsoft Visual Studio Solution File, Format Version 12.00
# Visual Studio 14
VisualStudioVersion = 14.0.25420.1
MinimumVisualStudioVersion = 10.0.40219.1
Project("{FAE04EC0-301F-11D3-BF4B-00C04F79EFBC}") = "RoverGround", "RoverGround\RoverGround.csproj", "{CEAC9DA8-868D-4359-8AD4-3863C5AB66D6}"
EndProject
Project("{FAE04EC0-301F-11D3-BF4B-00C04F79EFBC}") = "ROS_C-Sharp", "ROS_Comm\ROS_C-Sharp.csproj", "{D3688C9B-26CA-498B-A142-68F8050A590A}"
EndProject
Project("{FAE04EC0-301F-11D3-BF4B-00C04F79EFBC}") = "XmlRpc_Wrapper", "XmlRpc_Wrapper\XmlRpc_Wrapper.csproj", "{31A64FAA-CC90-4549-A028-752002015E2C}"
EndProject
Project("{FAE04EC0-301F-11D3-BF4B-00C04F79EFBC}") = "ROS_ImageWPF", "ROS_ImageUtils\ROS_ImageWPF.csproj", "{E0E04AFE-E2CF-4A04-A331-76FE05DCC749}"
EndProject
Project("{FAE04EC0-301F-11D3-BF4B-00C04F79EFBC}") = "DrawToolsRedux", "DrawToolsRedux\DrawToolsRedux.csproj", "{C2F951D8-2CB6-4AB5-9029-1EE3FCDB910A}"
EndProject
Project("{FAE04EC0-301F-11D3-BF4B-00C04F79EFBC}") = "DocToolkit", "DocToolkit\DocToolkit.csproj", "{7E3B9E32-DC2B-4E59-839A-42B8D4D4E5F4}"
EndProject
Project("{FAE04EC0-301F-11D3-BF4B-00C04F79EFBC}") = "tf.net", "tf.net\tf.net.csproj", "{3F4BE4AA-4BDE-4976-A69D-C2CCB848E3BB}"
EndProject
Project("{FAE04EC0-301F-11D3-BF4B-00C04F79EFBC}") = "WpfCustomControlLibrary1", "WpfCustomControlLibrary1\WpfCustomControlLibrary1.csproj", "{D572C65E-5A9A-40A3-A0DA-328224953267}"
EndProject
Project("{FAE04EC0-301F-11D3-BF4B-00C04F79EFBC}") = "MapServer", "MapServer\MapServer.csproj", "{B96A07AE-64CA-4167-96BA-99194AF833C3}"
EndProject
Global
	GlobalSection(SolutionConfigurationPlatforms) = preSolution
		Debug|Any CPU = Debug|Any CPU
		Debug|x86 = Debug|x86
		Debugger|Any CPU = Debugger|Any CPU
		Debugger|x86 = Debugger|x86
		Release|Any CPU = Release|Any CPU
		Release|x86 = Release|x86
	EndGlobalSection
	GlobalSection(ProjectConfigurationPlatforms) = postSolution
		{CEAC9DA8-868D-4359-8AD4-3863C5AB66D6}.Debug|Any CPU.ActiveCfg = Debug|Any CPU
		{CEAC9DA8-868D-4359-8AD4-3863C5AB66D6}.Debug|Any CPU.Build.0 = Debug|Any CPU
		{CEAC9DA8-868D-4359-8AD4-3863C5AB66D6}.Debug|x86.ActiveCfg = Debug|Any CPU
		{CEAC9DA8-868D-4359-8AD4-3863C5AB66D6}.Debug|x86.Build.0 = Debug|Any CPU
		{CEAC9DA8-868D-4359-8AD4-3863C5AB66D6}.Debugger|Any CPU.ActiveCfg = Debug|Any CPU
		{CEAC9DA8-868D-4359-8AD4-3863C5AB66D6}.Debugger|Any CPU.Build.0 = Debug|Any CPU
		{CEAC9DA8-868D-4359-8AD4-3863C5AB66D6}.Debugger|x86.ActiveCfg = Debug|Any CPU
		{CEAC9DA8-868D-4359-8AD4-3863C5AB66D6}.Debugger|x86.Build.0 = Debug|Any CPU
		{CEAC9DA8-868D-4359-8AD4-3863C5AB66D6}.Release|Any CPU.ActiveCfg = Release|Any CPU
		{CEAC9DA8-868D-4359-8AD4-3863C5AB66D6}.Release|Any CPU.Build.0 = Release|Any CPU
		{CEAC9DA8-868D-4359-8AD4-3863C5AB66D6}.Release|x86.ActiveCfg = Release|Any CPU
		{CEAC9DA8-868D-4359-8AD4-3863C5AB66D6}.Release|x86.Build.0 = Release|Any CPU
		{D3688C9B-26CA-498B-A142-68F8050A590A}.Debug|Any CPU.ActiveCfg = Debug|Any CPU
		{D3688C9B-26CA-498B-A142-68F8050A590A}.Debug|Any CPU.Build.0 = Debug|Any CPU
		{D3688C9B-26CA-498B-A142-68F8050A590A}.Debug|x86.ActiveCfg = Debug|x86
		{D3688C9B-26CA-498B-A142-68F8050A590A}.Debug|x86.Build.0 = Debug|x86
		{D3688C9B-26CA-498B-A142-68F8050A590A}.Debugger|Any CPU.ActiveCfg = Debug|Any CPU
		{D3688C9B-26CA-498B-A142-68F8050A590A}.Debugger|Any CPU.Build.0 = Debug|Any CPU
		{D3688C9B-26CA-498B-A142-68F8050A590A}.Debugger|x86.ActiveCfg = Debug|x86
		{D3688C9B-26CA-498B-A142-68F8050A590A}.Debugger|x86.Build.0 = Debug|x86
		{D3688C9B-26CA-498B-A142-68F8050A590A}.Release|Any CPU.ActiveCfg = Release|Any CPU
		{D3688C9B-26CA-498B-A142-68F8050A590A}.Release|Any CPU.Build.0 = Release|Any CPU
		{D3688C9B-26CA-498B-A142-68F8050A590A}.Release|x86.ActiveCfg = Release|x86
		{D3688C9B-26CA-498B-A142-68F8050A590A}.Release|x86.Build.0 = Release|x86
		{31A64FAA-CC90-4549-A028-752002015E2C}.Debug|Any CPU.ActiveCfg = Debug|Any CPU
		{31A64FAA-CC90-4549-A028-752002015E2C}.Debug|Any CPU.Build.0 = Debug|Any CPU
		{31A64FAA-CC90-4549-A028-752002015E2C}.Debug|x86.ActiveCfg = Debug|x86
		{31A64FAA-CC90-4549-A028-752002015E2C}.Debug|x86.Build.0 = Debug|x86
		{31A64FAA-CC90-4549-A028-752002015E2C}.Debugger|Any CPU.ActiveCfg = Debug|Any CPU
		{31A64FAA-CC90-4549-A028-752002015E2C}.Debugger|Any CPU.Build.0 = Debug|Any CPU
		{31A64FAA-CC90-4549-A028-752002015E2C}.Debugger|x86.ActiveCfg = Debug|x86
		{31A64FAA-CC90-4549-A028-752002015E2C}.Debugger|x86.Build.0 = Debug|x86
		{31A64FAA-CC90-4549-A028-752002015E2C}.Release|Any CPU.ActiveCfg = Release|Any CPU
		{31A64FAA-CC90-4549-A028-752002015E2C}.Release|Any CPU.Build.0 = Release|Any CPU
		{31A64FAA-CC90-4549-A028-752002015E2C}.Release|x86.ActiveCfg = Release|x86
		{31A64FAA-CC90-4549-A028-752002015E2C}.Release|x86.Build.0 = Release|x86
		{E0E04AFE-E2CF-4A04-A331-76FE05DCC749}.Debug|Any CPU.ActiveCfg = Debug|Any CPU
		{E0E04AFE-E2CF-4A04-A331-76FE05DCC749}.Debug|Any CPU.Build.0 = Debug|Any CPU
		{E0E04AFE-E2CF-4A04-A331-76FE05DCC749}.Debug|x86.ActiveCfg = Debug|x86
		{E0E04AFE-E2CF-4A04-A331-76FE05DCC749}.Debug|x86.Build.0 = Debug|x86
		{E0E04AFE-E2CF-4A04-A331-76FE05DCC749}.Debugger|Any CPU.ActiveCfg = Debug|Any CPU
		{E0E04AFE-E2CF-4A04-A331-76FE05DCC749}.Debugger|Any CPU.Build.0 = Debug|Any CPU
		{E0E04AFE-E2CF-4A04-A331-76FE05DCC749}.Debugger|x86.ActiveCfg = Debug|x86
		{E0E04AFE-E2CF-4A04-A331-76FE05DCC749}.Debugger|x86.Build.0 = Debug|x86
		{E0E04AFE-E2CF-4A04-A331-76FE05DCC749}.Release|Any CPU.ActiveCfg = Release|Any CPU
		{E0E04AFE-E2CF-4A04-A331-76FE05DCC749}.Release|Any CPU.Build.0 = Release|Any CPU
		{E0E04AFE-E2CF-4A04-A331-76FE05DCC749}.Release|x86.ActiveCfg = Release|x86
		{E0E04AFE-E2CF-4A04-A331-76FE05DCC749}.Release|x86.Build.0 = Release|x86
		{C2F951D8-2CB6-4AB5-9029-1EE3FCDB910A}.Debug|Any CPU.ActiveCfg = Debug|Any CPU
		{C2F951D8-2CB6-4AB5-9029-1EE3FCDB910A}.Debug|Any CPU.Build.0 = Debug|Any CPU
		{C2F951D8-2CB6-4AB5-9029-1EE3FCDB910A}.Debug|x86.ActiveCfg = Debug|Any CPU
		{C2F951D8-2CB6-4AB5-9029-1EE3FCDB910A}.Debug|x86.Build.0 = Debug|Any CPU
		{C2F951D8-2CB6-4AB5-9029-1EE3FCDB910A}.Debugger|Any CPU.ActiveCfg = Debug|Any CPU
		{C2F951D8-2CB6-4AB5-9029-1EE3FCDB910A}.Debugger|Any CPU.Build.0 = Debug|Any CPU
		{C2F951D8-2CB6-4AB5-9029-1EE3FCDB910A}.Debugger|x86.ActiveCfg = Debug|Any CPU
		{C2F951D8-2CB6-4AB5-9029-1EE3FCDB910A}.Debugger|x86.Build.0 = Debug|Any CPU
		{C2F951D8-2CB6-4AB5-9029-1EE3FCDB910A}.Release|Any CPU.ActiveCfg = Release|Any CPU
		{C2F951D8-2CB6-4AB5-9029-1EE3FCDB910A}.Release|Any CPU.Build.0 = Release|Any CPU
		{C2F951D8-2CB6-4AB5-9029-1EE3FCDB910A}.Release|x86.ActiveCfg = Release|Any CPU
		{C2F951D8-2CB6-4AB5-9029-1EE3FCDB910A}.Release|x86.Build.0 = Release|Any CPU
		{7E3B9E32-DC2B-4E59-839A-42B8D4D4E5F4}.Debug|Any CPU.ActiveCfg = Debug|Any CPU
		{7E3B9E32-DC2B-4E59-839A-42B8D4D4E5F4}.Debug|Any CPU.Build.0 = Debug|Any CPU
		{7E3B9E32-DC2B-4E59-839A-42B8D4D4E5F4}.Debug|x86.ActiveCfg = Debug|Any CPU
		{7E3B9E32-DC2B-4E59-839A-42B8D4D4E5F4}.Debug|x86.Build.0 = Debug|Any CPU
		{7E3B9E32-DC2B-4E59-839A-42B8D4D4E5F4}.Debugger|Any CPU.ActiveCfg = Debug|Any CPU
		{7E3B9E32-DC2B-4E59-839A-42B8D4D4E5F4}.Debugger|Any CPU.Build.0 = Debug|Any CPU
		{7E3B9E32-DC2B-4E59-839A-42B8D4D4E5F4}.Debugger|x86.ActiveCfg = Debug|Any CPU
		{7E3B9E32-DC2B-4E59-839A-42B8D4D4E5F4}.Debugger|x86.Build.0 = Debug|Any CPU
		{7E3B9E32-DC2B-4E59-839A-42B8D4D4E5F4}.Release|Any CPU.ActiveCfg = Release|Any CPU
		{7E3B9E32-DC2B-4E59-839A-42B8D4D4E5F4}.Release|Any CPU.Build.0 = Release|Any CPU
		{7E3B9E32-DC2B-4E59-839A-42B8D4D4E5F4}.Release|x86.ActiveCfg = Release|Any CPU
		{7E3B9E32-DC2B-4E59-839A-42B8D4D4E5F4}.Release|x86.Build.0 = Release|Any CPU
		{3F4BE4AA-4BDE-4976-A69D-C2CCB848E3BB}.Debug|Any CPU.ActiveCfg = Debug|Any CPU
		{3F4BE4AA-4BDE-4976-A69D-C2CCB848E3BB}.Debug|Any CPU.Build.0 = Debug|Any CPU
		{3F4BE4AA-4BDE-4976-A69D-C2CCB848E3BB}.Debug|x86.ActiveCfg = Debug|x86
		{3F4BE4AA-4BDE-4976-A69D-C2CCB848E3BB}.Debug|x86.Build.0 = Debug|x86
		{3F4BE4AA-4BDE-4976-A69D-C2CCB848E3BB}.Debugger|Any CPU.ActiveCfg = Debug|Any CPU
		{3F4BE4AA-4BDE-4976-A69D-C2CCB848E3BB}.Debugger|Any CPU.Build.0 = Debug|Any CPU
		{3F4BE4AA-4BDE-4976-A69D-C2CCB848E3BB}.Debugger|x86.ActiveCfg = Debug|x86
		{3F4BE4AA-4BDE-4976-A69D-C2CCB848E3BB}.Debugger|x86.Build.0 = Debug|x86
		{3F4BE4AA-4BDE-4976-A69D-C2CCB848E3BB}.Release|Any CPU.ActiveCfg = Release|Any CPU
		{3F4BE4AA-4BDE-4976-A69D-C2CCB848E3BB}.Release|Any CPU.Build.0 = Release|Any CPU
		{3F4BE4AA-4BDE-4976-A69D-C2CCB848E3BB}.Release|x86.ActiveCfg = Release|x86
		{3F4BE4AA-4BDE-4976-A69D-C2CCB848E3BB}.Release|x86.Build.0 = Release|x86
		{D572C65E-5A9A-40A3-A0DA-328224953267}.Debug|Any CPU.ActiveCfg = Debug|Any CPU
		{D572C65E-5A9A-40A3-A0DA-328224953267}.Debug|Any CPU.Build.0 = Debug|Any CPU
		{D572C65E-5A9A-40A3-A0DA-328224953267}.Debug|x86.ActiveCfg = Debug|Any CPU
		{D572C65E-5A9A-40A3-A0DA-328224953267}.Debug|x86.Build.0 = Debug|Any CPU
		{D572C65E-5A9A-40A3-A0DA-328224953267}.Debugger|Any CPU.ActiveCfg = Debug|Any CPU
		{D572C65E-5A9A-40A3-A0DA-328224953267}.Debugger|Any CPU.Build.0 = Debug|Any CPU
		{D572C65E-5A9A-40A3-A0DA-328224953267}.Debugger|x86.ActiveCfg = Debug|Any CPU
		{D572C65E-5A9A-40A3-A0DA-328224953267}.Debugger|x86.Build.0 = Debug|Any CPU
		{D572C65E-5A9A-40A3-A0DA-328224953267}.Release|Any CPU.ActiveCfg = Release|Any CPU
		{D572C65E-5A9A-40A3-A0DA-328224953267}.Release|Any CPU.Build.0 = Release|Any CPU
		{D572C65E-5A9A-40A3-A0DA-328224953267}.Release|x86.ActiveCfg = Release|Any CPU
		{D572C65E-5A9A-40A3-A0DA-328224953267}.Release|x86.Build.0 = Release|Any CPU
		{B96A07AE-64CA-4167-96BA-99194AF833C3}.Debug|Any CPU.ActiveCfg = Debug|Any CPU
		{B96A07AE-64CA-4167-96BA-99194AF833C3}.Debug|Any CPU.Build.0 = Debug|Any CPU
		{B96A07AE-64CA-4167-96BA-99194AF833C3}.Debug|x86.ActiveCfg = Debug|Any CPU
		{B96A07AE-64CA-4167-96BA-99194AF833C3}.Debug|x86.Build.0 = Debug|Any CPU
		{B96A07AE-64CA-4167-96BA-99194AF833C3}.Debugger|Any CPU.ActiveCfg = Debug|Any CPU
		{B96A07AE-64CA-4167-96BA-99194AF833C3}.Debugger|Any CPU.Build.0 = Debug|Any CPU
		{B96A07AE-64CA-4167-96BA-99194AF833C3}.Debugger|x86.ActiveCfg = Debug|Any CPU
		{B96A07AE-64CA-4167-96BA-99194AF833C3}.Debugger|x86.Build.0 = Debug|Any CPU
		{B96A07AE-64CA-4167-96BA-99194AF833C3}.Release|Any CPU.ActiveCfg = Release|Any CPU
		{B96A07AE-64CA-4167-96BA-99194AF833C3}.Release|Any CPU.Build.0 = Release|Any CPU
		{B96A07AE-64CA-4167-96BA-99194AF833C3}.Release|x86.ActiveCfg = Release|Any CPU
		{B96A07AE-64CA-4167-96BA-99194AF833C3}.Release|x86.Build.0 = Release|Any CPU
	EndGlobalSection
	GlobalSection(SolutionProperties) = preSolution
		HideSolutionNode = FALSE
	EndGlobalSection
EndGlobal
